Microsoft Visual Studio Solution File, Format Version 12.00
# Visual Studio Version 17
VisualStudioVersion = 17.5.2.0
MinimumVisualStudioVersion = 10.0.40219.1
Project("{FAE04EC0-301F-11D3-BF4B-00C04F79EFBC}") = "a, b e c", "a, b e c.csproj", "{A62AC0E9-41D0-E86D-42F0-18E648EA3394}"
EndProject
Global
	GlobalSection(SolutionConfigurationPlatforms) = preSolution
		Debug|Any CPU = Debug|Any CPU
		Release|Any CPU = Release|Any CPU
	EndGlobalSection
	GlobalSection(ProjectConfigurationPlatforms) = postSolution
		{A62AC0E9-41D0-E86D-42F0-18E648EA3394}.Debug|Any CPU.ActiveCfg = Debug|Any CPU
		{A62AC0E9-41D0-E86D-42F0-18E648EA3394}.Debug|Any CPU.Build.0 = Debug|Any CPU
		{A62AC0E9-41D0-E86D-42F0-18E648EA3394}.Release|Any CPU.ActiveCfg = Release|Any CPU
		{A62AC0E9-41D0-E86D-42F0-18E648EA3394}.Release|Any CPU.Build.0 = Release|Any CPU
	EndGlobalSection
	GlobalSection(SolutionProperties) = preSolution
		HideSolutionNode = FALSE
	EndGlobalSection
	GlobalSection(ExtensibilityGlobals) = postSolution
		SolutionGuid = {8928FBE2-7BB0-40F3-AEC9-6C51BB287B4A}
	EndGlobalSection
EndGlobal
